
Microsoft Visual Studio Solution File, Format Version 12.00
# Visual Studio 14
VisualStudioVersion = 14.0.25123.0
MinimumVisualStudioVersion = 10.0.40219.1
Project("{FAE04EC0-301F-11D3-BF4B-00C04F79EFBC}") = "TestIdentitySystem", "TestIdentitySystem\TestIdentitySystem.csproj", "{CEE0FC9F-FFAE-40B8-B5C2-41CEF57F907A}"
EndProject
Project("{FAE04EC0-301F-11D3-BF4B-00C04F79EFBC}") = "TIS.Data", "TIS.Data\TIS.Data.csproj", "{E36C47D4-5DB6-4EB0-B28E-D007EB647E7F}"
EndProject
Project("{FAE04EC0-301F-11D3-BF4B-00C04F79EFBC}") = "TIS.Business", "TIS.Business\TIS.Business.csproj", "{B027046E-6906-4860-96ED-23352C2D8BFC}"
EndProject
Global
	GlobalSection(SolutionConfigurationPlatforms) = preSolution
		Debug|Any CPU = Debug|Any CPU
		Release|Any CPU = Release|Any CPU
	EndGlobalSection
	GlobalSection(ProjectConfigurationPlatforms) = postSolution
		{CEE0FC9F-FFAE-40B8-B5C2-41CEF57F907A}.Debug|Any CPU.ActiveCfg = Debug|Any CPU
		{CEE0FC9F-FFAE-40B8-B5C2-41CEF57F907A}.Debug|Any CPU.Build.0 = Debug|Any CPU
		{CEE0FC9F-FFAE-40B8-B5C2-41CEF57F907A}.Release|Any CPU.ActiveCfg = Release|Any CPU
		{CEE0FC9F-FFAE-40B8-B5C2-41CEF57F907A}.Release|Any CPU.Build.0 = Release|Any CPU
		{E36C47D4-5DB6-4EB0-B28E-D007EB647E7F}.Debug|Any CPU.ActiveCfg = Debug|Any CPU
		{E36C47D4-5DB6-4EB0-B28E-D007EB647E7F}.Debug|Any CPU.Build.0 = Debug|Any CPU
		{E36C47D4-5DB6-4EB0-B28E-D007EB647E7F}.Release|Any CPU.ActiveCfg = Release|Any CPU
		{E36C47D4-5DB6-4EB0-B28E-D007EB647E7F}.Release|Any CPU.Build.0 = Release|Any CPU
		{B027046E-6906-4860-96ED-23352C2D8BFC}.Debug|Any CPU.ActiveCfg = Debug|Any CPU
		{B027046E-6906-4860-96ED-23352C2D8BFC}.Debug|Any CPU.Build.0 = Debug|Any CPU
		{B027046E-6906-4860-96ED-23352C2D8BFC}.Release|Any CPU.ActiveCfg = Release|Any CPU
		{B027046E-6906-4860-96ED-23352C2D8BFC}.Release|Any CPU.Build.0 = Release|Any CPU
	EndGlobalSection
	GlobalSection(SolutionProperties) = preSolution
		HideSolutionNode = FALSE
	EndGlobalSection
EndGlobal
